
Microsoft Visual Studio Solution File, Format Version 12.00
# Visual Studio Version 17
VisualStudioVersion = 17.3.32929.385
MinimumVisualStudioVersion = 10.0.40219.1
Project("{FAE04EC0-301F-11D3-BF4B-00C04F79EFBC}") = "SecretSantaApp", "SecretSantaApp\SecretSantaApp.csproj", "{994F20D8-7DF9-4945-8DF7-DBFB7083D49B}"
EndProject
Global
	GlobalSection(SolutionConfigurationPlatforms) = preSolution
		Debug|Any CPU = Debug|Any CPU
		Release|Any CPU = Release|Any CPU
	EndGlobalSection
	GlobalSection(ProjectConfigurationPlatforms) = postSolution
		{994F20D8-7DF9-4945-8DF7-DBFB7083D49B}.Debug|Any CPU.ActiveCfg = Debug|Any CPU
		{994F20D8-7DF9-4945-8DF7-DBFB7083D49B}.Debug|Any CPU.Build.0 = Debug|Any CPU
		{994F20D8-7DF9-4945-8DF7-DBFB7083D49B}.Release|Any CPU.ActiveCfg = Release|Any CPU
		{994F20D8-7DF9-4945-8DF7-DBFB7083D49B}.Release|Any CPU.Build.0 = Release|Any CPU
	EndGlobalSection
	GlobalSection(SolutionProperties) = preSolution
		HideSolutionNode = FALSE
	EndGlobalSection
	GlobalSection(ExtensibilityGlobals) = postSolution
		SolutionGuid = {CEBE11FE-EB95-497C-91F5-3704725C4553}
	EndGlobalSection
EndGlobal
